// !$*UTF8*$!
{
	archiveVersion = 1;
	classes = {
	};
	objectVersion = 48;
	objects = {

/* Begin PBXBuildFile section */
		3BBCD9311FB4574B007D294C /* AppDelegate.swift in Sources */ = {isa = PBXBuildFile; fileRef = 3BBCD9301FB4574B007D294C /* AppDelegate.swift */; };
		3BBCD9381FB4574B007D294C /* Assets.xcassets in Resources */ = {isa = PBXBuildFile; fileRef = 3BBCD9371FB4574B007D294C /* Assets.xcassets */; };
		3BBCD93B1FB4574B007D294C /* LaunchScreen.storyboard in Resources */ = {isa = PBXBuildFile; fileRef = 3BBCD9391FB4574B007D294C /* LaunchScreen.storyboard */; };
		3BBCD9431FB45768007D294C /* ListRestaurant.swift in Sources */ = {isa = PBXBuildFile; fileRef = 3BBCD9421FB45768007D294C /* ListRestaurant.swift */; };
		3BBCD9461FB45773007D294C /* MealList.swift in Sources */ = {isa = PBXBuildFile; fileRef = 3BBCD9451FB45773007D294C /* MealList.swift */; };
		3BBCD9481FB45777007D294C /* ClickBuy.swift in Sources */ = {isa = PBXBuildFile; fileRef = 3BBCD9471FB45777007D294C /* ClickBuy.swift */; };
		3BBCD9491FB45782007D294C /* Main.storyboard in Resources */ = {isa = PBXBuildFile; fileRef = 3BBCD9441FB4576C007D294C /* Main.storyboard */; };
/* End PBXBuildFile section */

/* Begin PBXFileReference section */
		3BBCD92D1FB4574B007D294C /* OrderApp.app */ = {isa = PBXFileReference; explicitFileType = wrapper.application; includeInIndex = 0; path = OrderApp.app; sourceTree = BUILT_PRODUCTS_DIR; };
		3BBCD9301FB4574B007D294C /* AppDelegate.swift */ = {isa = PBXFileReference; lastKnownFileType = sourcecode.swift; path = AppDelegate.swift; sourceTree = "<group>"; };
		3BBCD9371FB4574B007D294C /* Assets.xcassets */ = {isa = PBXFileReference; lastKnownFileType = folder.assetcatalog; path = Assets.xcassets; sourceTree = "<group>"; };
		3BBCD93A1FB4574B007D294C /* Base */ = {isa = PBXFileReference; lastKnownFileType = file.storyboard; name = Base; path = Base.lproj/LaunchScreen.storyboard; sourceTree = "<group>"; };
		3BBCD93C1FB4574B007D294C /* Info.plist */ = {isa = PBXFileReference; lastKnownFileType = text.plist.xml; path = Info.plist; sourceTree = "<group>"; };
		3BBCD9421FB45768007D294C /* ListRestaurant.swift */ = {isa = PBXFileReference; lastKnownFileType = sourcecode.swift; path = ListRestaurant.swift; sourceTree = "<group>"; };
		3BBCD9441FB4576C007D294C /* Main.storyboard */ = {isa = PBXFileReference; lastKnownFileType = file.storyboard; path = Main.storyboard; sourceTree = "<group>"; };
		3BBCD9451FB45773007D294C /* MealList.swift */ = {isa = PBXFileReference; lastKnownFileType = sourcecode.swift; path = MealList.swift; sourceTree = "<group>"; };
		3BBCD9471FB45777007D294C /* ClickBuy.swift */ = {isa = PBXFileReference; lastKnownFileType = sourcecode.swift; path = ClickBuy.swift; sourceTree = "<group>"; };
/* End PBXFileReference section */

/* Begin PBXFrameworksBuildPhase section */
		3BBCD92A1FB4574B007D294C /* Frameworks */ = {
			isa = PBXFrameworksBuildPhase;
			buildActionMask = 2147483647;
			files = (
			);
			runOnlyForDeploymentPostprocessing = 0;
		};
/* End PBXFrameworksBuildPhase section */

/* Begin PBXGroup section */
		3BBCD9241FB4574B007D294C = {
			isa = PBXGroup;
			children = (
				3BBCD92F1FB4574B007D294C /* OrderApp */,
				3BBCD92E1FB4574B007D294C /* Products */,
			);
			sourceTree = "<group>";
		};
		3BBCD92E1FB4574B007D294C /* Products */ = {
			isa = PBXGroup;
			children = (
				3BBCD92D1FB4574B007D294C /* OrderApp.app */,
			);
			name = Products;
			sourceTree = "<group>";
		};
		3BBCD92F1FB4574B007D294C /* OrderApp */ = {
			isa = PBXGroup;
			children = (
				3BBCD9301FB4574B007D294C /* AppDelegate.swift */,
				3BBCD9441FB4576C007D294C /* Main.storyboard */,
				3BBCD9421FB45768007D294C /* ListRestaurant.swift */,
				3BBCD9451FB45773007D294C /* MealList.swift */,
				3BBCD9471FB45777007D294C /* ClickBuy.swift */,
				3BBCD9371FB4574B007D294C /* Assets.xcassets */,
				3BBCD9391FB4574B007D294C /* LaunchScreen.storyboard */,
				3BBCD93C1FB4574B007D294C /* Info.plist */,
			);
			path = OrderApp;
			sourceTree = "<group>";
		};
/* End PBXGroup section */

/* Begin PBXNativeTarget section */
		3BBCD92C1FB4574B007D294C /* OrderApp */ = {
			isa = PBXNativeTarget;
			buildConfigurationList = 3BBCD93F1FB4574B007D294C /* Build configuration list for PBXNativeTarget "OrderApp" */;
			buildPhases = (
				3BBCD9291FB4574B007D294C /* Sources */,
				3BBCD92A1FB4574B007D294C /* Frameworks */,
				3BBCD92B1FB4574B007D294C /* Resources */,
			);
			buildRules = (
			);
			dependencies = (
			);
			name = OrderApp;
			productName = OrderApp;
			productReference = 3BBCD92D1FB4574B007D294C /* OrderApp.app */;
			productType = "com.apple.product-type.application";
		};
/* End PBXNativeTarget section */

/* Begin PBXProject section */
		3BBCD9251FB4574B007D294C /* Project object */ = {
			isa = PBXProject;
			attributes = {
				LastSwiftUpdateCheck = 0900;
				LastUpgradeCheck = 0900;
				ORGANIZATIONNAME = Luyen;
				TargetAttributes = {
					3BBCD92C1FB4574B007D294C = {
						CreatedOnToolsVersion = 9.0;
						ProvisioningStyle = Automatic;
					};
				};
			};
			buildConfigurationList = 3BBCD9281FB4574B007D294C /* Build configuration list for PBXProject "OrderApp" */;
			compatibilityVersion = "Xcode 8.0";
			developmentRegion = en;
			hasScannedForEncodings = 0;
			knownRegions = (
				en,
				Base,
			);
			mainGroup = 3BBCD9241FB4574B007D294C;
			productRefGroup = 3BBCD92E1FB4574B007D294C /* Products */;
			projectDirPath = "";
			projectRoot = "";
			targets = (
				3BBCD92C1FB4574B007D294C /* OrderApp */,
			);
		};
/* End PBXProject section */

/* Begin PBXResourcesBuildPhase section */
		3BBCD92B1FB4574B007D294C /* Resources */ = {
			isa = PBXResourcesBuildPhase;
			buildActionMask = 2147483647;
			files = (
				3BBCD9491FB45782007D294C /* Main.storyboard in Resources */,
				3BBCD93B1FB4574B007D294C /* LaunchScreen.storyboard in Resources */,
				3BBCD9381FB4574B007D294C /* Assets.xcassets in Resources */,
			);
			runOnlyForDeploymentPostprocessing = 0;
		};
/* End PBXResourcesBuildPhase section */

/* Begin PBXSourcesBuildPhase section */
		3BBCD9291FB4574B007D294C /* Sources */ = {
			isa = PBXSourcesBuildPhase;
			buildActionMask = 2147483647;
			files = (
				3BBCD9431FB45768007D294C /* ListRestaurant.swift in Sources */,
				3BBCD9311FB4574B007D294C /* AppDelegate.swift in Sources */,
				3BBCD9461FB45773007D294C /* MealList.swift in Sources */,
				3BBCD9481FB45777007D294C /* ClickBuy.swift in Sources */,
			);
			runOnlyForDeploymentPostprocessing = 0;
		};
/* End PBXSourcesBuildPhase section */

/* Begin PBXVariantGroup section */
		3BBCD9391FB4574B007D294C /* LaunchScreen.storyboard */ = {
			isa = PBXVariantGroup;
			children = (
				3BBCD93A1FB4574B007D294C /* Base */,
			);
			name = LaunchScreen.storyboard;
			sourceTree = "<group>";
		};
/* End PBXVariantGroup section */

/* Begin XCBuildConfiguration section */
		3BBCD93D1FB4574B007D294C /* Debug */ = {
			isa = XCBuildConfiguration;
			buildSettings = {
				ALWAYS_SEARCH_USER_PATHS = NO;
				CLANG_ANALYZER_NONNULL = YES;
				CLANG_ANALYZER_NUMBER_OBJECT_CONVERSION = YES_AGGRESSIVE;
				CLANG_CXX_LANGUAGE_STANDARD = "gnu++14";
				CLANG_CXX_LIBRARY = "libc++";
				CLANG_ENABLE_MODULES = YES;
				CLANG_ENABLE_OBJC_ARC = YES;
				CLANG_WARN_BLOCK_CAPTURE_AUTORELEASING = YES;
				CLANG_WARN_BOOL_CONVERSION = YES;
				CLANG_WARN_COMMA = YES;
				CLANG_WARN_CONSTANT_CONVERSION = YES;
				CLANG_WARN_DIRECT_OBJC_ISA_USAGE = YES_ERROR;
				CLANG_WARN_DOCUMENTATION_COMMENTS = YES;
				CLANG_WARN_EMPTY_BODY = YES;
				CLANG_WARN_ENUM_CONVERSION = YES;
				CLANG_WARN_INFINITE_RECURSION = YES;
				CLANG_WARN_INT_CONVERSION = YES;
				CLANG_WARN_NON_LITERAL_NULL_CONVERSION = YES;
				CLANG_WARN_OBJC_LITERAL_CONVERSION = YES;
				CLANG_WARN_OBJC_ROOT_CLASS = YES_ERROR;
				CLANG_WARN_RANGE_LOOP_ANALYSIS = YES;
				CLANG_WARN_STRICT_PROTOTYPES = YES;
				CLANG_WARN_SUSPICIOUS_MOVE = YES;
				CLANG_WARN_UNGUARDED_AVAILABILITY = YES_AGGRESSIVE;
				CLANG_WARN_UNREACHABLE_CODE = YES;
				CLANG_WARN__DUPLICATE_METHOD_MATCH = YES;
				CODE_SIGN_IDENTITY = "iPhone Developer";
				COPY_PHASE_STRIP = NO;
				DEBUG_INFORMATION_FORMAT = dwarf;
				ENABLE_STRICT_OBJC_MSGSEND = YES;
				ENABLE_TESTABILITY = YES;
				GCC_C_LANGUAGE_STANDARD = gnu11;
				GCC_DYNAMIC_NO_PIC = NO;
				GCC_NO_COMMON_BLOCKS = YES;
				GCC_OPTIMIZATION_LEVEL = 0;
				GCC_PREPROCESSOR_DEFINITIONS = (
					"DEBUG=1",
					"$(inherited)",
				);
				GCC_WARN_64_TO_32_BIT_CONVERSION = YES;
				GCC_WARN_ABOUT_RETURN_TYPE = YES_ERROR;
				GCC_WARN_UNDECLARED_SELECTOR = YES;
				GCC_WARN_UNINITIALIZED_AUTOS = YES_AGGRESSIVE;
				GCC_WARN_UNUSED_FUNCTION = YES;
				GCC_WARN_UNUSED_VARIABLE = YES;
				IPHONEOS_DEPLOYMENT_TARGET = 11.0;
				MTL_ENABLE_DEBUG_INFO = YES;
				ONLY_ACTIVE_ARCH = YES;
				SDKROOT = iphoneos;
				SWIFT_ACTIVE_COMPILATION_CONDITIONS = DEBUG;
				SWIFT_OPTIMIZATION_LEVEL = "-Onone";
			};
			name = Debug;
		};
		3BBCD93E1FB4574B007D294C /* Release */ = {
			isa = XCBuildConfiguration;
			buildSettings = {
				ALWAYS_SEARCH_USER_PATHS = NO;
				CLANG_ANALYZER_NONNULL = YES;
				CLANG_ANALYZER_NUMBER_OBJECT_CONVERSION = YES_AGGRESSIVE;
				CLANG_CXX_LANGUAGE_STANDARD = "gnu++14";
				CLANG_CXX_LIBRARY = "libc++";
				CLANG_ENABLE_MODULES = YES;
				CLANG_ENABLE_OBJC_ARC = YES;
				CLANG_WARN_BLOCK_CAPTURE_AUTORELEASING = YES;
				CLANG_WARN_BOOL_CONVERSION = YES;
				CLANG_WARN_COMMA = YES;
				CLANG_WARN_CONSTANT_CONVERSION = YES;
				CLANG_WARN_DIRECT_OBJC_ISA_USAGE = YES_ERROR;
				CLANG_WARN_DOCUMENTATION_COMMENTS = YES;
				CLANG_WARN_EMPTY_BODY = YES;
				CLANG_WARN_ENUM_CONVERSION = YES;
				CLANG_WARN_INFINITE_RECURSION = YES;
				CLANG_WARN_INT_CONVERSION = YES;
				CLANG_WARN_NON_LITERAL_NULL_CONVERSION = YES;
				CLANG_WARN_OBJC_LITERAL_CONVERSION = YES;
				CLANG_WARN_OBJC_ROOT_CLASS = YES_ERROR;
				CLANG_WARN_RANGE_LOOP_ANALYSIS = YES;
				CLANG_WARN_STRICT_PROTOTYPES = YES;
				CLANG_WARN_SUSPICIOUS_MOVE = YES;
				CLANG_WARN_UNGUARDED_AVAILABILITY = YES_AGGRESSIVE;
				CLANG_WARN_UNREACHABLE_CODE = YES;
				CLANG_WARN__DUPLICATE_METHOD_MATCH = YES;
				CODE_SIGN_IDENTITY = "iPhone Developer";
				COPY_PHASE_STRIP = NO;
				DEBUG_INFORMATION_FORMAT = "dwarf-with-dsym";
				ENABLE_NS_ASSERTIONS = NO;
				ENABLE_STRICT_OBJC_MSGSEND = YES;
				GCC_C_LANGUAGE_STANDARD = gnu11;
				GCC_NO_COMMON_BLOCKS = YES;
				GCC_WARN_64_TO_32_BIT_CONVERSION = YES;
				GCC_WARN_ABOUT_RETURN_TYPE = YES_ERROR;
				GCC_WARN_UNDECLARED_SELECTOR = YES;
				GCC_WARN_UNINITIALIZED_AUTOS = YES_AGGRESSIVE;
				GCC_WARN_UNUSED_FUNCTION = YES;
				GCC_WARN_UNUSED_VARIABLE = YES;
				IPHONEOS_DEPLOYMENT_TARGET = 11.0;
				MTL_ENABLE_DEBUG_INFO = NO;
				SDKROOT = iphoneos;
				SWIFT_OPTIMIZATION_LEVEL = "-Owholemodule";
				VALIDATE_PRODUCT = YES;
			};
			name = Release;
		};
		3BBCD9401FB4574B007D294C /* Debug */ = {
			isa = XCBuildConfiguration;
			buildSettings = {
				ASSETCATALOG_COMPILER_APPICON_NAME = AppIcon;
				CODE_SIGN_STYLE = Automatic;
				INFOPLIST_FILE = OrderApp/Info.plist;
				LD_RUNPATH_SEARCH_PATHS = "$(inherited) @executable_path/Frameworks";
				PRODUCT_BUNDLE_IDENTIFIER = luyen.OrderApp;
				PRODUCT_NAME = "$(TARGET_NAME)";
				SWIFT_VERSION = 4.0;
				TARGETED_DEVICE_FAMILY = "1,2";
			};
			name = Debug;
		};
		3BBCD9411FB4574B007D294C /* Release */ = {
			isa = XCBuildConfiguration;
			buildSettings = {
				ASSETCATALOG_COMPILER_APPICON_NAME = AppIcon;
				CODE_SIGN_STYLE = Automatic;
				INFOPLIST_FILE = OrderApp/Info.plist;
				LD_RUNPATH_SEARCH_PATHS = "$(inherited) @executable_path/Frameworks";
				PRODUCT_BUNDLE_IDENTIFIER = luyen.OrderApp;
				PRODUCT_NAME = "$(TARGET_NAME)";
				SWIFT_VERSION = 4.0;
				TARGETED_DEVICE_FAMILY = "1,2";
			};
			name = Release;
		};
/* End XCBuildConfiguration section */

/* Begin XCConfigurationList section */
		3BBCD9281FB4574B007D294C /* Build configuration list for PBXProject "OrderApp" */ = {
			isa = XCConfigurationList;
			buildConfigurations = (
				3BBCD93D1FB4574B007D294C /* Debug */,
				3BBCD93E1FB4574B007D294C /* Release */,
			);
			defaultConfigurationIsVisible = 0;
			defaultConfigurationName = Release;
		};
		3BBCD93F1FB4574B007D294C /* Build configuration list for PBXNativeTarget "OrderApp" */ = {
			isa = XCConfigurationList;
			buildConfigurations = (
				3BBCD9401FB4574B007D294C /* Debug */,
				3BBCD9411FB4574B007D294C /* Release */,
			);
			defaultConfigurationIsVisible = 0;
			defaultConfigurationName = Release;
		};
/* End XCConfigurationList section */
	};
	rootObject = 3BBCD9251FB4574B007D294C /* Project object */;
}
